
Microsoft Visual Studio Solution File, Format Version 12.00
# Visual Studio Version 17
VisualStudioVersion = 17.9.34728.123
MinimumVisualStudioVersion = 10.0.40219.1
Project("{FAE04EC0-301F-11D3-BF4B-00C04F79EFBC}") = "MSFrontEndTest", "MSFrontEndTest\MSFrontEndTest.csproj", "{AC6EA997-203C-477B-9F0E-98B806039160}"
EndProject
Global
	GlobalSection(SolutionConfigurationPlatforms) = preSolution
		Debug|Any CPU = Debug|Any CPU
		Release|Any CPU = Release|Any CPU
	EndGlobalSection
	GlobalSection(ProjectConfigurationPlatforms) = postSolution
		{AC6EA997-203C-477B-9F0E-98B806039160}.Debug|Any CPU.ActiveCfg = Debug|Any CPU
		{AC6EA997-203C-477B-9F0E-98B806039160}.Debug|Any CPU.Build.0 = Debug|Any CPU
		{AC6EA997-203C-477B-9F0E-98B806039160}.Release|Any CPU.ActiveCfg = Release|Any CPU
		{AC6EA997-203C-477B-9F0E-98B806039160}.Release|Any CPU.Build.0 = Release|Any CPU
	EndGlobalSection
	GlobalSection(SolutionProperties) = preSolution
		HideSolutionNode = FALSE
	EndGlobalSection
	GlobalSection(ExtensibilityGlobals) = postSolution
		SolutionGuid = {E8E2D245-F0C3-4BC0-8F04-1BFEBA678119}
	EndGlobalSection
EndGlobal
